// !$*UTF8*$!
{
	archiveVersion = 1;
	classes = {
	};
	objectVersion = 46;
	objects = {

/* Begin PBXBuildFile section */
		F9A5A387206AA2EC00C8D735 /* Flapira.sks in Resources */ = {isa = PBXBuildFile; fileRef = F9A5A386206AA2EC00C8D735 /* Flapira.sks */; };
		F9A5A389206AA31C00C8D735 /* Flapira.swift in Sources */ = {isa = PBXBuildFile; fileRef = F9A5A388206AA31C00C8D735 /* Flapira.swift */; };
		F9A5A38B206AA48D00C8D735 /* Images.xcassets in Resources */ = {isa = PBXBuildFile; fileRef = F9A5A38A206AA48D00C8D735 /* Images.xcassets */; };
		F9A5A38D206AA4D200C8D735 /* bird.atlas in Resources */ = {isa = PBXBuildFile; fileRef = F9A5A38C206AA4D200C8D735 /* bird.atlas */; };
		F9A5A38F206AA64200C8D735 /* audio.mp3 in Resources */ = {isa = PBXBuildFile; fileRef = F9A5A38E206AA64200C8D735 /* audio.mp3 */; };
		F9A5A391206AB32800C8D735 /* Home.mp3 in Resources */ = {isa = PBXBuildFile; fileRef = F9A5A390206AB32800C8D735 /* Home.mp3 */; };
		F9A5A395206AB48500C8D735 /* Gtek.ttf in Resources */ = {isa = PBXBuildFile; fileRef = F9A5A394206AB48500C8D735 /* Gtek.ttf */; };
		F9A5A39A206ABCB300C8D735 /* Space.jpg in Resources */ = {isa = PBXBuildFile; fileRef = F9A5A399206ABCB300C8D735 /* Space.jpg */; };
		F9A5A39C206AC01400C8D735 /* Home.jpg in Resources */ = {isa = PBXBuildFile; fileRef = F9A5A39B206AC01400C8D735 /* Home.jpg */; };
		F9BE00EE206A9E300088B25E /* AppDelegate.swift in Sources */ = {isa = PBXBuildFile; fileRef = F9BE00ED206A9E300088B25E /* AppDelegate.swift */; };
		F9BE00F0206A9E300088B25E /* GameScene.sks in Resources */ = {isa = PBXBuildFile; fileRef = F9BE00EF206A9E300088B25E /* GameScene.sks */; };
		F9BE00F2206A9E300088B25E /* Actions.sks in Resources */ = {isa = PBXBuildFile; fileRef = F9BE00F1206A9E300088B25E /* Actions.sks */; };
		F9BE00F4206A9E300088B25E /* GameScene.swift in Sources */ = {isa = PBXBuildFile; fileRef = F9BE00F3206A9E300088B25E /* GameScene.swift */; };
		F9BE00F6206A9E300088B25E /* GameViewController.swift in Sources */ = {isa = PBXBuildFile; fileRef = F9BE00F5206A9E300088B25E /* GameViewController.swift */; };
		F9BE00F9206A9E300088B25E /* Main.storyboard in Resources */ = {isa = PBXBuildFile; fileRef = F9BE00F7206A9E300088B25E /* Main.storyboard */; };
		F9BE00FE206A9E300088B25E /* LaunchScreen.storyboard in Resources */ = {isa = PBXBuildFile; fileRef = F9BE00FC206A9E300088B25E /* LaunchScreen.storyboard */; };
		F9BE0109206A9E300088B25E /* MyGamesTests.swift in Sources */ = {isa = PBXBuildFile; fileRef = F9BE0108206A9E300088B25E /* MyGamesTests.swift */; };
		F9BE0114206A9E300088B25E /* MyGamesUITests.swift in Sources */ = {isa = PBXBuildFile; fileRef = F9BE0113206A9E300088B25E /* MyGamesUITests.swift */; };
		F9BE0125206A9F840088B25E /* PongScene.sks in Resources */ = {isa = PBXBuildFile; fileRef = F9BE0124206A9F840088B25E /* PongScene.sks */; };
		F9BE0127206A9F8A0088B25E /* PongScene.swift in Sources */ = {isa = PBXBuildFile; fileRef = F9BE0126206A9F8A0088B25E /* PongScene.swift */; };
		F9D56BDA206AC4E70077CE3F /* Spac3 tech.ttf in Resources */ = {isa = PBXBuildFile; fileRef = F9D56BD9206AC4E70077CE3F /* Spac3 tech.ttf */; };
		F9D56BDC206AC8F10077CE3F /* Virtual Rave.ttf in Resources */ = {isa = PBXBuildFile; fileRef = F9D56BDB206AC8F10077CE3F /* Virtual Rave.ttf */; };
		F9D56BDE206ACA210077CE3F /* PROMETHEUS.ttf in Resources */ = {isa = PBXBuildFile; fileRef = F9D56BDD206ACA210077CE3F /* PROMETHEUS.ttf */; };
		F9D56BE0206ACA2C0077CE3F /* The Rave Is In Your Pants.otf in Resources */ = {isa = PBXBuildFile; fileRef = F9D56BDF206ACA2C0077CE3F /* The Rave Is In Your Pants.otf */; };
/* End PBXBuildFile section */

/* Begin PBXContainerItemProxy section */
		F9BE0105206A9E300088B25E /* PBXContainerItemProxy */ = {
			isa = PBXContainerItemProxy;
			containerPortal = F9BE00E2206A9E300088B25E /* Project object */;
			proxyType = 1;
			remoteGlobalIDString = F9BE00E9206A9E300088B25E;
			remoteInfo = MyGames;
		};
		F9BE0110206A9E300088B25E /* PBXContainerItemProxy */ = {
			isa = PBXContainerItemProxy;
			containerPortal = F9BE00E2206A9E300088B25E /* Project object */;
			proxyType = 1;
			remoteGlobalIDString = F9BE00E9206A9E300088B25E;
			remoteInfo = MyGames;
		};
/* End PBXContainerItemProxy section */

/* Begin PBXFileReference section */
		F9A5A386206AA2EC00C8D735 /* Flapira.sks */ = {isa = PBXFileReference; lastKnownFileType = file.sks; path = Flapira.sks; sourceTree = "<group>"; };
		F9A5A388206AA31C00C8D735 /* Flapira.swift */ = {isa = PBXFileReference; fileEncoding = 4; lastKnownFileType = sourcecode.swift; path = Flapira.swift; sourceTree = "<group>"; };
		F9A5A38A206AA48D00C8D735 /* Images.xcassets */ = {isa = PBXFileReference; lastKnownFileType = folder.assetcatalog; path = Images.xcassets; sourceTree = "<group>"; };
		F9A5A38C206AA4D200C8D735 /* bird.atlas */ = {isa = PBXFileReference; lastKnownFileType = folder.skatlas; path = bird.atlas; sourceTree = "<group>"; };
		F9A5A38E206AA64200C8D735 /* audio.mp3 */ = {isa = PBXFileReference; lastKnownFileType = audio.mp3; path = audio.mp3; sourceTree = "<group>"; };
		F9A5A390206AB32800C8D735 /* Home.mp3 */ = {isa = PBXFileReference; lastKnownFileType = audio.mp3; path = Home.mp3; sourceTree = "<group>"; };
		F9A5A394206AB48500C8D735 /* Gtek.ttf */ = {isa = PBXFileReference; lastKnownFileType = file; path = Gtek.ttf; sourceTree = "<group>"; };
		F9A5A399206ABCB300C8D735 /* Space.jpg */ = {isa = PBXFileReference; lastKnownFileType = image.jpeg; path = Space.jpg; sourceTree = "<group>"; };
		F9A5A39B206AC01400C8D735 /* Home.jpg */ = {isa = PBXFileReference; lastKnownFileType = image.jpeg; path = Home.jpg; sourceTree = "<group>"; };
		F9BE00EA206A9E300088B25E /* SUPInGame.app */ = {isa = PBXFileReference; explicitFileType = wrapper.application; includeInIndex = 0; path = SUPInGame.app; sourceTree = BUILT_PRODUCTS_DIR; };
		F9BE00ED206A9E300088B25E /* AppDelegate.swift */ = {isa = PBXFileReference; lastKnownFileType = sourcecode.swift; path = AppDelegate.swift; sourceTree = "<group>"; };
		F9BE00EF206A9E300088B25E /* GameScene.sks */ = {isa = PBXFileReference; lastKnownFileType = file.sks; path = GameScene.sks; sourceTree = "<group>"; };
		F9BE00F1206A9E300088B25E /* Actions.sks */ = {isa = PBXFileReference; lastKnownFileType = file.sks; path = Actions.sks; sourceTree = "<group>"; };
		F9BE00F3206A9E300088B25E /* GameScene.swift */ = {isa = PBXFileReference; lastKnownFileType = sourcecode.swift; path = GameScene.swift; sourceTree = "<group>"; };
		F9BE00F5206A9E300088B25E /* GameViewController.swift */ = {isa = PBXFileReference; lastKnownFileType = sourcecode.swift; path = GameViewController.swift; sourceTree = "<group>"; };
		F9BE00F8206A9E300088B25E /* Base */ = {isa = PBXFileReference; lastKnownFileType = file.storyboard; name = Base; path = Base.lproj/Main.storyboard; sourceTree = "<group>"; };
		F9BE00FD206A9E300088B25E /* Base */ = {isa = PBXFileReference; lastKnownFileType = file.storyboard; name = Base; path = Base.lproj/LaunchScreen.storyboard; sourceTree = "<group>"; };
		F9BE00FF206A9E300088B25E /* Info.plist */ = {isa = PBXFileReference; lastKnownFileType = text.plist.xml; path = Info.plist; sourceTree = "<group>"; };
		F9BE0104206A9E300088B25E /* SUPInGameTests.xctest */ = {isa = PBXFileReference; explicitFileType = wrapper.cfbundle; includeInIndex = 0; path = SUPInGameTests.xctest; sourceTree = BUILT_PRODUCTS_DIR; };
		F9BE0108206A9E300088B25E /* MyGamesTests.swift */ = {isa = PBXFileReference; lastKnownFileType = sourcecode.swift; path = MyGamesTests.swift; sourceTree = "<group>"; };
		F9BE010A206A9E300088B25E /* Info.plist */ = {isa = PBXFileReference; lastKnownFileType = text.plist.xml; path = Info.plist; sourceTree = "<group>"; };
		F9BE010F206A9E300088B25E /* SUPInGameUITests.xctest */ = {isa = PBXFileReference; explicitFileType = wrapper.cfbundle; includeInIndex = 0; path = SUPInGameUITests.xctest; sourceTree = BUILT_PRODUCTS_DIR; };
		F9BE0113206A9E300088B25E /* MyGamesUITests.swift */ = {isa = PBXFileReference; lastKnownFileType = sourcecode.swift; path = MyGamesUITests.swift; sourceTree = "<group>"; };
		F9BE0115206A9E300088B25E /* Info.plist */ = {isa = PBXFileReference; lastKnownFileType = text.plist.xml; path = Info.plist; sourceTree = "<group>"; };
		F9BE0124206A9F840088B25E /* PongScene.sks */ = {isa = PBXFileReference; lastKnownFileType = file.sks; path = PongScene.sks; sourceTree = "<group>"; };
		F9BE0126206A9F8A0088B25E /* PongScene.swift */ = {isa = PBXFileReference; fileEncoding = 4; lastKnownFileType = sourcecode.swift; path = PongScene.swift; sourceTree = "<group>"; };
		F9D56BD9206AC4E70077CE3F /* Spac3 tech.ttf */ = {isa = PBXFileReference; lastKnownFileType = file; path = "Spac3 tech.ttf"; sourceTree = "<group>"; };
		F9D56BDB206AC8F10077CE3F /* Virtual Rave.ttf */ = {isa = PBXFileReference; lastKnownFileType = file; path = "Virtual Rave.ttf"; sourceTree = "<group>"; };
		F9D56BDD206ACA210077CE3F /* PROMETHEUS.ttf */ = {isa = PBXFileReference; lastKnownFileType = file; path = PROMETHEUS.ttf; sourceTree = "<group>"; };
		F9D56BDF206ACA2C0077CE3F /* The Rave Is In Your Pants.otf */ = {isa = PBXFileReference; lastKnownFileType = file; path = "The Rave Is In Your Pants.otf"; sourceTree = "<group>"; };
/* End PBXFileReference section */

/* Begin PBXFrameworksBuildPhase section */
		F9BE00E7206A9E300088B25E /* Frameworks */ = {
			isa = PBXFrameworksBuildPhase;
			buildActionMask = 2147483647;
			files = (
			);
			runOnlyForDeploymentPostprocessing = 0;
		};
		F9BE0101206A9E300088B25E /* Frameworks */ = {
			isa = PBXFrameworksBuildPhase;
			buildActionMask = 2147483647;
			files = (
			);
			runOnlyForDeploymentPostprocessing = 0;
		};
		F9BE010C206A9E300088B25E /* Frameworks */ = {
			isa = PBXFrameworksBuildPhase;
			buildActionMask = 2147483647;
			files = (
			);
			runOnlyForDeploymentPostprocessing = 0;
		};
/* End PBXFrameworksBuildPhase section */

/* Begin PBXGroup section */
		F9A5A396206ABA5F00C8D735 /* Fonts */ = {
			isa = PBXGroup;
			children = (
				F9D56BDF206ACA2C0077CE3F /* The Rave Is In Your Pants.otf */,
				F9D56BDD206ACA210077CE3F /* PROMETHEUS.ttf */,
				F9D56BDB206AC8F10077CE3F /* Virtual Rave.ttf */,
				F9D56BD9206AC4E70077CE3F /* Spac3 tech.ttf */,
				F9A5A394206AB48500C8D735 /* Gtek.ttf */,
			);
			name = Fonts;
			sourceTree = "<group>";
		};
		F9A5A397206ABA6D00C8D735 /* Music */ = {
			isa = PBXGroup;
			children = (
				F9A5A390206AB32800C8D735 /* Home.mp3 */,
			);
			name = Music;
			sourceTree = "<group>";
		};
		F9A5A398206ABA7C00C8D735 /* Home */ = {
			isa = PBXGroup;
			children = (
				F9A5A39B206AC01400C8D735 /* Home.jpg */,
				F9BE00EF206A9E300088B25E /* GameScene.sks */,
				F9BE00F3206A9E300088B25E /* GameScene.swift */,
				F9BE00F5206A9E300088B25E /* GameViewController.swift */,
			);
			name = Home;
			sourceTree = "<group>";
		};
		F9BE00E1206A9E300088B25E = {
			isa = PBXGroup;
			children = (
				F9BE00EC206A9E300088B25E /* MyGames */,
				F9BE0107206A9E300088B25E /* MyGamesTests */,
				F9BE0112206A9E300088B25E /* MyGamesUITests */,
				F9BE00EB206A9E300088B25E /* Products */,
			);
			sourceTree = "<group>";
		};
		F9BE00EB206A9E300088B25E /* Products */ = {
			isa = PBXGroup;
			children = (
				F9BE00EA206A9E300088B25E /* SUPInGame.app */,
				F9BE0104206A9E300088B25E /* SUPInGameTests.xctest */,
				F9BE010F206A9E300088B25E /* SUPInGameUITests.xctest */,
			);
			name = Products;
			sourceTree = "<group>";
		};
		F9BE00EC206A9E300088B25E /* MyGames */ = {
			isa = PBXGroup;
			children = (
				F9A5A397206ABA6D00C8D735 /* Music */,
				F9A5A396206ABA5F00C8D735 /* Fonts */,
				F9BE0123206A9F290088B25E /* Pong2 */,
				F9BE0122206A9F120088B25E /* Flapira */,
				F9A5A398206ABA7C00C8D735 /* Home */,
				F9BE00F1206A9E300088B25E /* Actions.sks */,
				F9BE00ED206A9E300088B25E /* AppDelegate.swift */,
				F9BE00F7206A9E300088B25E /* Main.storyboard */,
				F9BE00FC206A9E300088B25E /* LaunchScreen.storyboard */,
				F9BE00FF206A9E300088B25E /* Info.plist */,
			);
			path = MyGames;
			sourceTree = "<group>";
		};
		F9BE0107206A9E300088B25E /* MyGamesTests */ = {
			isa = PBXGroup;
			children = (
				F9BE0108206A9E300088B25E /* MyGamesTests.swift */,
				F9BE010A206A9E300088B25E /* Info.plist */,
			);
			path = MyGamesTests;
			sourceTree = "<group>";
		};
		F9BE0112206A9E300088B25E /* MyGamesUITests */ = {
			isa = PBXGroup;
			children = (
				F9BE0113206A9E300088B25E /* MyGamesUITests.swift */,
				F9BE0115206A9E300088B25E /* Info.plist */,
			);
			path = MyGamesUITests;
			sourceTree = "<group>";
		};
		F9BE0122206A9F120088B25E /* Flapira */ = {
			isa = PBXGroup;
			children = (
				F9A5A38E206AA64200C8D735 /* audio.mp3 */,
				F9A5A388206AA31C00C8D735 /* Flapira.swift */,
				F9A5A386206AA2EC00C8D735 /* Flapira.sks */,
				F9A5A38C206AA4D200C8D735 /* bird.atlas */,
				F9A5A38A206AA48D00C8D735 /* Images.xcassets */,
			);
			name = Flapira;
			sourceTree = "<group>";
		};
		F9BE0123206A9F290088B25E /* Pong2 */ = {
			isa = PBXGroup;
			children = (
				F9A5A399206ABCB300C8D735 /* Space.jpg */,
				F9BE0126206A9F8A0088B25E /* PongScene.swift */,
				F9BE0124206A9F840088B25E /* PongScene.sks */,
			);
			name = Pong2;
			sourceTree = "<group>";
		};
/* End PBXGroup section */

/* Begin PBXNativeTarget section */
		F9BE00E9206A9E300088B25E /* SUPInGame */ = {
			isa = PBXNativeTarget;
			buildConfigurationList = F9BE0118206A9E300088B25E /* Build configuration list for PBXNativeTarget "SUPInGame" */;
			buildPhases = (
				F9BE00E6206A9E300088B25E /* Sources */,
				F9BE00E7206A9E300088B25E /* Frameworks */,
				F9BE00E8206A9E300088B25E /* Resources */,
			);
			buildRules = (
			);
			dependencies = (
			);
			name = SUPInGame;
			productName = MyGames;
			productReference = F9BE00EA206A9E300088B25E /* SUPInGame.app */;
			productType = "com.apple.product-type.application";
		};
		F9BE0103206A9E300088B25E /* SUPInGameTests */ = {
			isa = PBXNativeTarget;
			buildConfigurationList = F9BE011B206A9E300088B25E /* Build configuration list for PBXNativeTarget "SUPInGameTests" */;
			buildPhases = (
				F9BE0100206A9E300088B25E /* Sources */,
				F9BE0101206A9E300088B25E /* Frameworks */,
				F9BE0102206A9E300088B25E /* Resources */,
			);
			buildRules = (
			);
			dependencies = (
				F9BE0106206A9E300088B25E /* PBXTargetDependency */,
			);
			name = SUPInGameTests;
			productName = MyGamesTests;
			productReference = F9BE0104206A9E300088B25E /* SUPInGameTests.xctest */;
			productType = "com.apple.product-type.bundle.unit-test";
		};
		F9BE010E206A9E300088B25E /* SUPInGameUITests */ = {
			isa = PBXNativeTarget;
			buildConfigurationList = F9BE011E206A9E300088B25E /* Build configuration list for PBXNativeTarget "SUPInGameUITests" */;
			buildPhases = (
				F9BE010B206A9E300088B25E /* Sources */,
				F9BE010C206A9E300088B25E /* Frameworks */,
				F9BE010D206A9E300088B25E /* Resources */,
			);
			buildRules = (
			);
			dependencies = (
				F9BE0111206A9E300088B25E /* PBXTargetDependency */,
			);
			name = SUPInGameUITests;
			productName = MyGamesUITests;
			productReference = F9BE010F206A9E300088B25E /* SUPInGameUITests.xctest */;
			productType = "com.apple.product-type.bundle.ui-testing";
		};
/* End PBXNativeTarget section */

/* Begin PBXProject section */
		F9BE00E2206A9E300088B25E /* Project object */ = {
			isa = PBXProject;
			attributes = {
				LastSwiftUpdateCheck = 0830;
				LastUpgradeCheck = 0830;
				ORGANIZATIONNAME = "julien brandin";
				TargetAttributes = {
					F9BE00E9206A9E300088B25E = {
						CreatedOnToolsVersion = 8.3.3;
						ProvisioningStyle = Automatic;
					};
					F9BE0103206A9E300088B25E = {
						CreatedOnToolsVersion = 8.3.3;
						ProvisioningStyle = Automatic;
						TestTargetID = F9BE00E9206A9E300088B25E;
					};
					F9BE010E206A9E300088B25E = {
						CreatedOnToolsVersion = 8.3.3;
						ProvisioningStyle = Automatic;
						TestTargetID = F9BE00E9206A9E300088B25E;
					};
				};
			};
			buildConfigurationList = F9BE00E5206A9E300088B25E /* Build configuration list for PBXProject "SUPInGame" */;
			compatibilityVersion = "Xcode 3.2";
			developmentRegion = English;
			hasScannedForEncodings = 0;
			knownRegions = (
				en,
				Base,
			);
			mainGroup = F9BE00E1206A9E300088B25E;
			productRefGroup = F9BE00EB206A9E300088B25E /* Products */;
			projectDirPath = "";
			projectRoot = "";
			targets = (
				F9BE00E9206A9E300088B25E /* SUPInGame */,
				F9BE0103206A9E300088B25E /* SUPInGameTests */,
				F9BE010E206A9E300088B25E /* SUPInGameUITests */,
			);
		};
/* End PBXProject section */

/* Begin PBXResourcesBuildPhase section */
		F9BE00E8206A9E300088B25E /* Resources */ = {
			isa = PBXResourcesBuildPhase;
			buildActionMask = 2147483647;
			files = (
				F9A5A38D206AA4D200C8D735 /* bird.atlas in Resources */,
				F9D56BDC206AC8F10077CE3F /* Virtual Rave.ttf in Resources */,
				F9BE00F9206A9E300088B25E /* Main.storyboard in Resources */,
				F9A5A39C206AC01400C8D735 /* Home.jpg in Resources */,
				F9A5A38B206AA48D00C8D735 /* Images.xcassets in Resources */,
				F9A5A395206AB48500C8D735 /* Gtek.ttf in Resources */,
				F9D56BDE206ACA210077CE3F /* PROMETHEUS.ttf in Resources */,
				F9A5A39A206ABCB300C8D735 /* Space.jpg in Resources */,
				F9A5A387206AA2EC00C8D735 /* Flapira.sks in Resources */,
				F9BE00F0206A9E300088B25E /* GameScene.sks in Resources */,
				F9D56BDA206AC4E70077CE3F /* Spac3 tech.ttf in Resources */,
				F9BE00FE206A9E300088B25E /* LaunchScreen.storyboard in Resources */,
				F9BE0125206A9F840088B25E /* PongScene.sks in Resources */,
				F9BE00F2206A9E300088B25E /* Actions.sks in Resources */,
				F9A5A38F206AA64200C8D735 /* audio.mp3 in Resources */,
				F9D56BE0206ACA2C0077CE3F /* The Rave Is In Your Pants.otf in Resources */,
				F9A5A391206AB32800C8D735 /* Home.mp3 in Resources */,
			);
			runOnlyForDeploymentPostprocessing = 0;
		};
		F9BE0102206A9E300088B25E /* Resources */ = {
			isa = PBXResourcesBuildPhase;
			buildActionMask = 2147483647;
			files = (
			);
			runOnlyForDeploymentPostprocessing = 0;
		};
		F9BE010D206A9E300088B25E /* Resources */ = {
			isa = PBXResourcesBuildPhase;
			buildActionMask = 2147483647;
			files = (
			);
			runOnlyForDeploymentPostprocessing = 0;
		};
/* End PBXResourcesBuildPhase section */

/* Begin PBXSourcesBuildPhase section */
		F9BE00E6206A9E300088B25E /* Sources */ = {
			isa = PBXSourcesBuildPhase;
			buildActionMask = 2147483647;
			files = (
				F9BE0127206A9F8A0088B25E /* PongScene.swift in Sources */,
				F9BE00F4206A9E300088B25E /* GameScene.swift in Sources */,
				F9BE00F6206A9E300088B25E /* GameViewController.swift in Sources */,
				F9BE00EE206A9E300088B25E /* AppDelegate.swift in Sources */,
				F9A5A389206AA31C00C8D735 /* Flapira.swift in Sources */,
			);
			runOnlyForDeploymentPostprocessing = 0;
		};
		F9BE0100206A9E300088B25E /* Sources */ = {
			isa = PBXSourcesBuildPhase;
			buildActionMask = 2147483647;
			files = (
				F9BE0109206A9E300088B25E /* MyGamesTests.swift in Sources */,
			);
			runOnlyForDeploymentPostprocessing = 0;
		};
		F9BE010B206A9E300088B25E /* Sources */ = {
			isa = PBXSourcesBuildPhase;
			buildActionMask = 2147483647;
			files = (
				F9BE0114206A9E300088B25E /* MyGamesUITests.swift in Sources */,
			);
			runOnlyForDeploymentPostprocessing = 0;
		};
/* End PBXSourcesBuildPhase section */

/* Begin PBXTargetDependency section */
		F9BE0106206A9E300088B25E /* PBXTargetDependency */ = {
			isa = PBXTargetDependency;
			target = F9BE00E9206A9E300088B25E /* SUPInGame */;
			targetProxy = F9BE0105206A9E300088B25E /* PBXContainerItemProxy */;
		};
		F9BE0111206A9E300088B25E /* PBXTargetDependency */ = {
			isa = PBXTargetDependency;
			target = F9BE00E9206A9E300088B25E /* SUPInGame */;
			targetProxy = F9BE0110206A9E300088B25E /* PBXContainerItemProxy */;
		};
/* End PBXTargetDependency section */

/* Begin PBXVariantGroup section */
		F9BE00F7206A9E300088B25E /* Main.storyboard */ = {
			isa = PBXVariantGroup;
			children = (
				F9BE00F8206A9E300088B25E /* Base */,
			);
			name = Main.storyboard;
			sourceTree = "<group>";
		};
		F9BE00FC206A9E300088B25E /* LaunchScreen.storyboard */ = {
			isa = PBXVariantGroup;
			children = (
				F9BE00FD206A9E300088B25E /* Base */,
			);
			name = LaunchScreen.storyboard;
			sourceTree = "<group>";
		};
/* End PBXVariantGroup section */

/* Begin XCBuildConfiguration section */
		F9BE0116206A9E300088B25E /* Debug */ = {
			isa = XCBuildConfiguration;
			buildSettings = {
				ALWAYS_SEARCH_USER_PATHS = NO;
				CLANG_ANALYZER_NONNULL = YES;
				CLANG_ANALYZER_NUMBER_OBJECT_CONVERSION = YES_AGGRESSIVE;
				CLANG_CXX_LANGUAGE_STANDARD = "gnu++0x";
				CLANG_CXX_LIBRARY = "libc++";
				CLANG_ENABLE_MODULES = YES;
				CLANG_ENABLE_OBJC_ARC = YES;
				CLANG_WARN_BOOL_CONVERSION = YES;
				CLANG_WARN_CONSTANT_CONVERSION = YES;
				CLANG_WARN_DIRECT_OBJC_ISA_USAGE = YES_ERROR;
				CLANG_WARN_DOCUMENTATION_COMMENTS = YES;
				CLANG_WARN_EMPTY_BODY = YES;
				CLANG_WARN_ENUM_CONVERSION = YES;
				CLANG_WARN_INFINITE_RECURSION = YES;
				CLANG_WARN_INT_CONVERSION = YES;
				CLANG_WARN_OBJC_ROOT_CLASS = YES_ERROR;
				CLANG_WARN_SUSPICIOUS_MOVE = YES;
				CLANG_WARN_UNREACHABLE_CODE = YES;
				CLANG_WARN__DUPLICATE_METHOD_MATCH = YES;
				"CODE_SIGN_IDENTITY[sdk=iphoneos*]" = "iPhone Developer";
				COPY_PHASE_STRIP = NO;
				DEBUG_INFORMATION_FORMAT = dwarf;
				ENABLE_STRICT_OBJC_MSGSEND = YES;
				ENABLE_TESTABILITY = YES;
				GCC_C_LANGUAGE_STANDARD = gnu99;
				GCC_DYNAMIC_NO_PIC = NO;
				GCC_NO_COMMON_BLOCKS = YES;
				GCC_OPTIMIZATION_LEVEL = 0;
				GCC_PREPROCESSOR_DEFINITIONS = (
					"DEBUG=1",
					"$(inherited)",
				);
				GCC_WARN_64_TO_32_BIT_CONVERSION = YES;
				GCC_WARN_ABOUT_RETURN_TYPE = YES_ERROR;
				GCC_WARN_UNDECLARED_SELECTOR = YES;
				GCC_WARN_UNINITIALIZED_AUTOS = YES_AGGRESSIVE;
				GCC_WARN_UNUSED_FUNCTION = YES;
				GCC_WARN_UNUSED_VARIABLE = YES;
				IPHONEOS_DEPLOYMENT_TARGET = 10.3;
				MTL_ENABLE_DEBUG_INFO = YES;
				ONLY_ACTIVE_ARCH = YES;
				SDKROOT = iphoneos;
				SWIFT_ACTIVE_COMPILATION_CONDITIONS = DEBUG;
				SWIFT_OPTIMIZATION_LEVEL = "-Onone";
				TARGETED_DEVICE_FAMILY = "1,2";
			};
			name = Debug;
		};
		F9BE0117206A9E300088B25E /* Release */ = {
			isa = XCBuildConfiguration;
			buildSettings = {
				ALWAYS_SEARCH_USER_PATHS = NO;
				CLANG_ANALYZER_NONNULL = YES;
				CLANG_ANALYZER_NUMBER_OBJECT_CONVERSION = YES_AGGRESSIVE;
				CLANG_CXX_LANGUAGE_STANDARD = "gnu++0x";
				CLANG_CXX_LIBRARY = "libc++";
				CLANG_ENABLE_MODULES = YES;
				CLANG_ENABLE_OBJC_ARC = YES;
				CLANG_WARN_BOOL_CONVERSION = YES;
				CLANG_WARN_CONSTANT_CONVERSION = YES;
				CLANG_WARN_DIRECT_OBJC_ISA_USAGE = YES_ERROR;
				CLANG_WARN_DOCUMENTATION_COMMENTS = YES;
				CLANG_WARN_EMPTY_BODY = YES;
				CLANG_WARN_ENUM_CONVERSION = YES;
				CLANG_WARN_INFINITE_RECURSION = YES;
				CLANG_WARN_INT_CONVERSION = YES;
				CLANG_WARN_OBJC_ROOT_CLASS = YES_ERROR;
				CLANG_WARN_SUSPICIOUS_MOVE = YES;
				CLANG_WARN_UNREACHABLE_CODE = YES;
				CLANG_WARN__DUPLICATE_METHOD_MATCH = YES;
				"CODE_SIGN_IDENTITY[sdk=iphoneos*]" = "iPhone Developer";
				COPY_PHASE_STRIP = NO;
				DEBUG_INFORMATION_FORMAT = "dwarf-with-dsym";
				ENABLE_NS_ASSERTIONS = NO;
				ENABLE_STRICT_OBJC_MSGSEND = YES;
				GCC_C_LANGUAGE_STANDARD = gnu99;
				GCC_NO_COMMON_BLOCKS = YES;
				GCC_WARN_64_TO_32_BIT_CONVERSION = YES;
				GCC_WARN_ABOUT_RETURN_TYPE = YES_ERROR;
				GCC_WARN_UNDECLARED_SELECTOR = YES;
				GCC_WARN_UNINITIALIZED_AUTOS = YES_AGGRESSIVE;
				GCC_WARN_UNUSED_FUNCTION = YES;
				GCC_WARN_UNUSED_VARIABLE = YES;
				IPHONEOS_DEPLOYMENT_TARGET = 10.3;
				MTL_ENABLE_DEBUG_INFO = NO;
				SDKROOT = iphoneos;
				SWIFT_OPTIMIZATION_LEVEL = "-Owholemodule";
				TARGETED_DEVICE_FAMILY = "1,2";
				VALIDATE_PRODUCT = YES;
			};
			name = Release;
		};
		F9BE0119206A9E300088B25E /* Debug */ = {
			isa = XCBuildConfiguration;
			buildSettings = {
				ASSETCATALOG_COMPILER_APPICON_NAME = AppIcon;
				INFOPLIST_FILE = MyGames/Info.plist;
				IPHONEOS_DEPLOYMENT_TARGET = 10.3;
				LD_RUNPATH_SEARCH_PATHS = "$(inherited) @executable_path/Frameworks";
				PRODUCT_BUNDLE_IDENTIFIER = com.goju.MyGames;
				PRODUCT_NAME = "$(TARGET_NAME)";
				SWIFT_VERSION = 3.0;
			};
			name = Debug;
		};
		F9BE011A206A9E300088B25E /* Release */ = {
			isa = XCBuildConfiguration;
			buildSettings = {
				ASSETCATALOG_COMPILER_APPICON_NAME = AppIcon;
				INFOPLIST_FILE = MyGames/Info.plist;
				IPHONEOS_DEPLOYMENT_TARGET = 10.3;
				LD_RUNPATH_SEARCH_PATHS = "$(inherited) @executable_path/Frameworks";
				PRODUCT_BUNDLE_IDENTIFIER = com.goju.MyGames;
				PRODUCT_NAME = "$(TARGET_NAME)";
				SWIFT_VERSION = 3.0;
			};
			name = Release;
		};
		F9BE011C206A9E300088B25E /* Debug */ = {
			isa = XCBuildConfiguration;
			buildSettings = {
				ALWAYS_EMBED_SWIFT_STANDARD_LIBRARIES = YES;
				BUNDLE_LOADER = "$(TEST_HOST)";
				INFOPLIST_FILE = MyGamesTests/Info.plist;
				LD_RUNPATH_SEARCH_PATHS = "$(inherited) @executable_path/Frameworks @loader_path/Frameworks";
				PRODUCT_BUNDLE_IDENTIFIER = com.goju.MyGamesTests;
				PRODUCT_NAME = "$(TARGET_NAME)";
				SWIFT_VERSION = 3.0;
				TEST_HOST = "$(BUILT_PRODUCTS_DIR)/SUPInGame.app/SUPInGame";
			};
			name = Debug;
		};
		F9BE011D206A9E300088B25E /* Release */ = {
			isa = XCBuildConfiguration;
			buildSettings = {
				ALWAYS_EMBED_SWIFT_STANDARD_LIBRARIES = YES;
				BUNDLE_LOADER = "$(TEST_HOST)";
				INFOPLIST_FILE = MyGamesTests/Info.plist;
				LD_RUNPATH_SEARCH_PATHS = "$(inherited) @executable_path/Frameworks @loader_path/Frameworks";
				PRODUCT_BUNDLE_IDENTIFIER = com.goju.MyGamesTests;
				PRODUCT_NAME = "$(TARGET_NAME)";
				SWIFT_VERSION = 3.0;
				TEST_HOST = "$(BUILT_PRODUCTS_DIR)/SUPInGame.app/SUPInGame";
			};
			name = Release;
		};
		F9BE011F206A9E300088B25E /* Debug */ = {
			isa = XCBuildConfiguration;
			buildSettings = {
				ALWAYS_EMBED_SWIFT_STANDARD_LIBRARIES = YES;
				INFOPLIST_FILE = MyGamesUITests/Info.plist;
				LD_RUNPATH_SEARCH_PATHS = "$(inherited) @executable_path/Frameworks @loader_path/Frameworks";
				PRODUCT_BUNDLE_IDENTIFIER = com.goju.MyGamesUITests;
				PRODUCT_NAME = "$(TARGET_NAME)";
				SWIFT_VERSION = 3.0;
				TEST_TARGET_NAME = MyGames;
			};
			name = Debug;
		};
		F9BE0120206A9E300088B25E /* Release */ = {
			isa = XCBuildConfiguration;
			buildSettings = {
				ALWAYS_EMBED_SWIFT_STANDARD_LIBRARIES = YES;
				INFOPLIST_FILE = MyGamesUITests/Info.plist;
				LD_RUNPATH_SEARCH_PATHS = "$(inherited) @executable_path/Frameworks @loader_path/Frameworks";
				PRODUCT_BUNDLE_IDENTIFIER = com.goju.MyGamesUITests;
				PRODUCT_NAME = "$(TARGET_NAME)";
				SWIFT_VERSION = 3.0;
				TEST_TARGET_NAME = MyGames;
			};
			name = Release;
		};
/* End XCBuildConfiguration section */

/* Begin XCConfigurationList section */
		F9BE00E5206A9E300088B25E /* Build configuration list for PBXProject "SUPInGame" */ = {
			isa = XCConfigurationList;
			buildConfigurations = (
				F9BE0116206A9E300088B25E /* Debug */,
				F9BE0117206A9E300088B25E /* Release */,
			);
			defaultConfigurationIsVisible = 0;
			defaultConfigurationName = Release;
		};
		F9BE0118206A9E300088B25E /* Build configuration list for PBXNativeTarget "SUPInGame" */ = {
			isa = XCConfigurationList;
			buildConfigurations = (
				F9BE0119206A9E300088B25E /* Debug */,
				F9BE011A206A9E300088B25E /* Release */,
			);
			defaultConfigurationIsVisible = 0;
			defaultConfigurationName = Release;
		};
		F9BE011B206A9E300088B25E /* Build configuration list for PBXNativeTarget "SUPInGameTests" */ = {
			isa = XCConfigurationList;
			buildConfigurations = (
				F9BE011C206A9E300088B25E /* Debug */,
				F9BE011D206A9E300088B25E /* Release */,
			);
			defaultConfigurationIsVisible = 0;
			defaultConfigurationName = Release;
		};
		F9BE011E206A9E300088B25E /* Build configuration list for PBXNativeTarget "SUPInGameUITests" */ = {
			isa = XCConfigurationList;
			buildConfigurations = (
				F9BE011F206A9E300088B25E /* Debug */,
				F9BE0120206A9E300088B25E /* Release */,
			);
			defaultConfigurationIsVisible = 0;
			defaultConfigurationName = Release;
		};
/* End XCConfigurationList section */
	};
	rootObject = F9BE00E2206A9E300088B25E /* Project object */;
}
